// !$*UTF8*$!
{
	archiveVersion = 1;
	classes = {
	};
	objectVersion = 46;
	objects = {

/* Begin PBXBuildFile section */
		A92865171D1BBE0C0033F1D6 /* Assets.xcassets in Resources */ = {isa = PBXBuildFile; fileRef = A92865161D1BBE0C0033F1D6 /* Assets.xcassets */; };
		A937E3CC1D1C353800F2EAF7 /* AsyncButton.swift in Sources */ = {isa = PBXBuildFile; fileRef = A937E3AE1D1C353800F2EAF7 /* AsyncButton.swift */; };
		A937E3CD1D1C353800F2EAF7 /* AsyncImageView.swift in Sources */ = {isa = PBXBuildFile; fileRef = A937E3AF1D1C353800F2EAF7 /* AsyncImageView.swift */; };
		A937E3CE1D1C353800F2EAF7 /* AutoTextView.swift in Sources */ = {isa = PBXBuildFile; fileRef = A937E3B01D1C353800F2EAF7 /* AutoTextView.swift */; };
		A937E3CF1D1C353800F2EAF7 /* BlurView.swift in Sources */ = {isa = PBXBuildFile; fileRef = A937E3B11D1C353800F2EAF7 /* BlurView.swift */; };
		A937E3D01D1C353800F2EAF7 /* DesignableButton.swift in Sources */ = {isa = PBXBuildFile; fileRef = A937E3B21D1C353800F2EAF7 /* DesignableButton.swift */; };
		A937E3D11D1C353800F2EAF7 /* DesignableImageView.swift in Sources */ = {isa = PBXBuildFile; fileRef = A937E3B31D1C353800F2EAF7 /* DesignableImageView.swift */; };
		A937E3D21D1C353800F2EAF7 /* DesignableLabel.swift in Sources */ = {isa = PBXBuildFile; fileRef = A937E3B41D1C353800F2EAF7 /* DesignableLabel.swift */; };
		A937E3D31D1C353800F2EAF7 /* DesignableTabBarController.swift in Sources */ = {isa = PBXBuildFile; fileRef = A937E3B51D1C353800F2EAF7 /* DesignableTabBarController.swift */; };
		A937E3D41D1C353800F2EAF7 /* DesignableTextField.swift in Sources */ = {isa = PBXBuildFile; fileRef = A937E3B61D1C353800F2EAF7 /* DesignableTextField.swift */; };
		A937E3D51D1C353800F2EAF7 /* DesignableTextView.swift in Sources */ = {isa = PBXBuildFile; fileRef = A937E3B71D1C353800F2EAF7 /* DesignableTextView.swift */; };
		A937E3D61D1C353800F2EAF7 /* DesignableView.swift in Sources */ = {isa = PBXBuildFile; fileRef = A937E3B81D1C353800F2EAF7 /* DesignableView.swift */; };
		A937E3D71D1C353800F2EAF7 /* ImageLoader.swift in Sources */ = {isa = PBXBuildFile; fileRef = A937E3B91D1C353800F2EAF7 /* ImageLoader.swift */; };
		A937E3D81D1C353800F2EAF7 /* Info.plist in Resources */ = {isa = PBXBuildFile; fileRef = A937E3BA1D1C353800F2EAF7 /* Info.plist */; };
		A937E3D91D1C353800F2EAF7 /* KeyboardLayoutConstraint.swift in Sources */ = {isa = PBXBuildFile; fileRef = A937E3BB1D1C353800F2EAF7 /* KeyboardLayoutConstraint.swift */; };
		A937E3DA1D1C353800F2EAF7 /* LoadingView.swift in Sources */ = {isa = PBXBuildFile; fileRef = A937E3BC1D1C353800F2EAF7 /* LoadingView.swift */; };
		A937E3DB1D1C353800F2EAF7 /* LoadingView.xib in Resources */ = {isa = PBXBuildFile; fileRef = A937E3BD1D1C353800F2EAF7 /* LoadingView.xib */; };
		A937E3DC1D1C353800F2EAF7 /* Misc.swift in Sources */ = {isa = PBXBuildFile; fileRef = A937E3BE1D1C353800F2EAF7 /* Misc.swift */; };
		A937E3DD1D1C353800F2EAF7 /* SoundPlayer.swift in Sources */ = {isa = PBXBuildFile; fileRef = A937E3BF1D1C353800F2EAF7 /* SoundPlayer.swift */; };
		A937E3DE1D1C353800F2EAF7 /* Spring.swift in Sources */ = {isa = PBXBuildFile; fileRef = A937E3C11D1C353800F2EAF7 /* Spring.swift */; };
		A937E3DF1D1C353800F2EAF7 /* SpringAnimation.swift in Sources */ = {isa = PBXBuildFile; fileRef = A937E3C21D1C353800F2EAF7 /* SpringAnimation.swift */; };
		A937E3E01D1C353800F2EAF7 /* SpringButton.swift in Sources */ = {isa = PBXBuildFile; fileRef = A937E3C31D1C353800F2EAF7 /* SpringButton.swift */; };
		A937E3E11D1C353800F2EAF7 /* SpringImageView.swift in Sources */ = {isa = PBXBuildFile; fileRef = A937E3C41D1C353800F2EAF7 /* SpringImageView.swift */; };
		A937E3E21D1C353800F2EAF7 /* SpringLabel.swift in Sources */ = {isa = PBXBuildFile; fileRef = A937E3C51D1C353800F2EAF7 /* SpringLabel.swift */; };
		A937E3E31D1C353800F2EAF7 /* SpringTextField.swift in Sources */ = {isa = PBXBuildFile; fileRef = A937E3C61D1C353800F2EAF7 /* SpringTextField.swift */; };
		A937E3E41D1C353800F2EAF7 /* SpringTextView.swift in Sources */ = {isa = PBXBuildFile; fileRef = A937E3C71D1C353800F2EAF7 /* SpringTextView.swift */; };
		A937E3E51D1C353800F2EAF7 /* SpringView.swift in Sources */ = {isa = PBXBuildFile; fileRef = A937E3C81D1C353800F2EAF7 /* SpringView.swift */; };
		A937E3E61D1C353800F2EAF7 /* TransitionManager.swift in Sources */ = {isa = PBXBuildFile; fileRef = A937E3C91D1C353800F2EAF7 /* TransitionManager.swift */; };
		A937E3E71D1C353800F2EAF7 /* TransitionZoom.swift in Sources */ = {isa = PBXBuildFile; fileRef = A937E3CA1D1C353800F2EAF7 /* TransitionZoom.swift */; };
		A937E3E81D1C353800F2EAF7 /* UnwindSegue.swift in Sources */ = {isa = PBXBuildFile; fileRef = A937E3CB1D1C353800F2EAF7 /* UnwindSegue.swift */; };
		A937E3EA1D1CE72500F2EAF7 /* MapKit.framework in Frameworks */ = {isa = PBXBuildFile; fileRef = A937E3E91D1CE72500F2EAF7 /* MapKit.framework */; };
		A937E3EF1D1CEE1F00F2EAF7 /* MapViewController.swift in Sources */ = {isa = PBXBuildFile; fileRef = A937E3EE1D1CEE1F00F2EAF7 /* MapViewController.swift */; };
		A95B63CE1D1D67AE001AB3F5 /* AddRestaurantController.swift in Sources */ = {isa = PBXBuildFile; fileRef = A95B63CD1D1D67AE001AB3F5 /* AddRestaurantController.swift */; };
		A9C625941D1BE32900CE7008 /* ReviewViewController.swift in Sources */ = {isa = PBXBuildFile; fileRef = A9C625931D1BE32900CE7008 /* ReviewViewController.swift */; };
		F424267E1B85B2FD0019B8F0 /* Restaurant.swift in Sources */ = {isa = PBXBuildFile; fileRef = F424267D1B85B2FD0019B8F0 /* Restaurant.swift */; };
		F45820BA1B8AAC09000E50CC /* RestaurantDetailTableViewCell.swift in Sources */ = {isa = PBXBuildFile; fileRef = F45820B91B8AAC09000E50CC /* RestaurantDetailTableViewCell.swift */; };
		F4AAE2BB1B7DAC29001D8E75 /* AppDelegate.swift in Sources */ = {isa = PBXBuildFile; fileRef = F4AAE2BA1B7DAC29001D8E75 /* AppDelegate.swift */; };
		F4AAE2C01B7DAC29001D8E75 /* Main.storyboard in Resources */ = {isa = PBXBuildFile; fileRef = F4AAE2BE1B7DAC29001D8E75 /* Main.storyboard */; };
		F4AAE2C51B7DAC29001D8E75 /* LaunchScreen.storyboard in Resources */ = {isa = PBXBuildFile; fileRef = F4AAE2C31B7DAC29001D8E75 /* LaunchScreen.storyboard */; };
		F4AAE2CD1B7DB3A9001D8E75 /* RestaurantTableViewController.swift in Sources */ = {isa = PBXBuildFile; fileRef = F4AAE2CC1B7DB3A9001D8E75 /* RestaurantTableViewController.swift */; };
		F4C566211B7EEB00008C8AEF /* RestaurantTableViewCell.swift in Sources */ = {isa = PBXBuildFile; fileRef = F4C566201B7EEB00008C8AEF /* RestaurantTableViewCell.swift */; };
		F4E27E811B84858F0015C354 /* RestaurantDetailViewController.swift in Sources */ = {isa = PBXBuildFile; fileRef = F4E27E801B84858F0015C354 /* RestaurantDetailViewController.swift */; };
/* End PBXBuildFile section */

/* Begin PBXFileReference section */
		A92865161D1BBE0C0033F1D6 /* Assets.xcassets */ = {isa = PBXFileReference; lastKnownFileType = folder.assetcatalog; path = Assets.xcassets; sourceTree = "<group>"; };
		A937E3AE1D1C353800F2EAF7 /* AsyncButton.swift */ = {isa = PBXFileReference; fileEncoding = 4; lastKnownFileType = sourcecode.swift; path = AsyncButton.swift; sourceTree = "<group>"; };
		A937E3AF1D1C353800F2EAF7 /* AsyncImageView.swift */ = {isa = PBXFileReference; fileEncoding = 4; lastKnownFileType = sourcecode.swift; path = AsyncImageView.swift; sourceTree = "<group>"; };
		A937E3B01D1C353800F2EAF7 /* AutoTextView.swift */ = {isa = PBXFileReference; fileEncoding = 4; lastKnownFileType = sourcecode.swift; path = AutoTextView.swift; sourceTree = "<group>"; };
		A937E3B11D1C353800F2EAF7 /* BlurView.swift */ = {isa = PBXFileReference; fileEncoding = 4; lastKnownFileType = sourcecode.swift; path = BlurView.swift; sourceTree = "<group>"; };
		A937E3B21D1C353800F2EAF7 /* DesignableButton.swift */ = {isa = PBXFileReference; fileEncoding = 4; lastKnownFileType = sourcecode.swift; path = DesignableButton.swift; sourceTree = "<group>"; };
		A937E3B31D1C353800F2EAF7 /* DesignableImageView.swift */ = {isa = PBXFileReference; fileEncoding = 4; lastKnownFileType = sourcecode.swift; path = DesignableImageView.swift; sourceTree = "<group>"; };
		A937E3B41D1C353800F2EAF7 /* DesignableLabel.swift */ = {isa = PBXFileReference; fileEncoding = 4; lastKnownFileType = sourcecode.swift; path = DesignableLabel.swift; sourceTree = "<group>"; };
		A937E3B51D1C353800F2EAF7 /* DesignableTabBarController.swift */ = {isa = PBXFileReference; fileEncoding = 4; lastKnownFileType = sourcecode.swift; path = DesignableTabBarController.swift; sourceTree = "<group>"; };
		A937E3B61D1C353800F2EAF7 /* DesignableTextField.swift */ = {isa = PBXFileReference; fileEncoding = 4; lastKnownFileType = sourcecode.swift; path = DesignableTextField.swift; sourceTree = "<group>"; };
		A937E3B71D1C353800F2EAF7 /* DesignableTextView.swift */ = {isa = PBXFileReference; fileEncoding = 4; lastKnownFileType = sourcecode.swift; path = DesignableTextView.swift; sourceTree = "<group>"; };
		A937E3B81D1C353800F2EAF7 /* DesignableView.swift */ = {isa = PBXFileReference; fileEncoding = 4; lastKnownFileType = sourcecode.swift; path = DesignableView.swift; sourceTree = "<group>"; };
		A937E3B91D1C353800F2EAF7 /* ImageLoader.swift */ = {isa = PBXFileReference; fileEncoding = 4; lastKnownFileType = sourcecode.swift; path = ImageLoader.swift; sourceTree = "<group>"; };
		A937E3BA1D1C353800F2EAF7 /* Info.plist */ = {isa = PBXFileReference; fileEncoding = 4; lastKnownFileType = text.plist.xml; path = Info.plist; sourceTree = "<group>"; };
		A937E3BB1D1C353800F2EAF7 /* KeyboardLayoutConstraint.swift */ = {isa = PBXFileReference; fileEncoding = 4; lastKnownFileType = sourcecode.swift; path = KeyboardLayoutConstraint.swift; sourceTree = "<group>"; };
		A937E3BC1D1C353800F2EAF7 /* LoadingView.swift */ = {isa = PBXFileReference; fileEncoding = 4; lastKnownFileType = sourcecode.swift; path = LoadingView.swift; sourceTree = "<group>"; };
		A937E3BD1D1C353800F2EAF7 /* LoadingView.xib */ = {isa = PBXFileReference; fileEncoding = 4; lastKnownFileType = file.xib; path = LoadingView.xib; sourceTree = "<group>"; };
		A937E3BE1D1C353800F2EAF7 /* Misc.swift */ = {isa = PBXFileReference; fileEncoding = 4; lastKnownFileType = sourcecode.swift; path = Misc.swift; sourceTree = "<group>"; };
		A937E3BF1D1C353800F2EAF7 /* SoundPlayer.swift */ = {isa = PBXFileReference; fileEncoding = 4; lastKnownFileType = sourcecode.swift; path = SoundPlayer.swift; sourceTree = "<group>"; };
		A937E3C01D1C353800F2EAF7 /* Spring.h */ = {isa = PBXFileReference; fileEncoding = 4; lastKnownFileType = sourcecode.c.h; path = Spring.h; sourceTree = "<group>"; };
		A937E3C11D1C353800F2EAF7 /* Spring.swift */ = {isa = PBXFileReference; fileEncoding = 4; lastKnownFileType = sourcecode.swift; path = Spring.swift; sourceTree = "<group>"; };
		A937E3C21D1C353800F2EAF7 /* SpringAnimation.swift */ = {isa = PBXFileReference; fileEncoding = 4; lastKnownFileType = sourcecode.swift; path = SpringAnimation.swift; sourceTree = "<group>"; };
		A937E3C31D1C353800F2EAF7 /* SpringButton.swift */ = {isa = PBXFileReference; fileEncoding = 4; lastKnownFileType = sourcecode.swift; path = SpringButton.swift; sourceTree = "<group>"; };
		A937E3C41D1C353800F2EAF7 /* SpringImageView.swift */ = {isa = PBXFileReference; fileEncoding = 4; lastKnownFileType = sourcecode.swift; path = SpringImageView.swift; sourceTree = "<group>"; };
		A937E3C51D1C353800F2EAF7 /* SpringLabel.swift */ = {isa = PBXFileReference; fileEncoding = 4; lastKnownFileType = sourcecode.swift; path = SpringLabel.swift; sourceTree = "<group>"; };
		A937E3C61D1C353800F2EAF7 /* SpringTextField.swift */ = {isa = PBXFileReference; fileEncoding = 4; lastKnownFileType = sourcecode.swift; path = SpringTextField.swift; sourceTree = "<group>"; };
		A937E3C71D1C353800F2EAF7 /* SpringTextView.swift */ = {isa = PBXFileReference; fileEncoding = 4; lastKnownFileType = sourcecode.swift; path = SpringTextView.swift; sourceTree = "<group>"; };
		A937E3C81D1C353800F2EAF7 /* SpringView.swift */ = {isa = PBXFileReference; fileEncoding = 4; lastKnownFileType = sourcecode.swift; path = SpringView.swift; sourceTree = "<group>"; };
		A937E3C91D1C353800F2EAF7 /* TransitionManager.swift */ = {isa = PBXFileReference; fileEncoding = 4; lastKnownFileType = sourcecode.swift; path = TransitionManager.swift; sourceTree = "<group>"; };
		A937E3CA1D1C353800F2EAF7 /* TransitionZoom.swift */ = {isa = PBXFileReference; fileEncoding = 4; lastKnownFileType = sourcecode.swift; path = TransitionZoom.swift; sourceTree = "<group>"; };
		A937E3CB1D1C353800F2EAF7 /* UnwindSegue.swift */ = {isa = PBXFileReference; fileEncoding = 4; lastKnownFileType = sourcecode.swift; path = UnwindSegue.swift; sourceTree = "<group>"; };
		A937E3E91D1CE72500F2EAF7 /* MapKit.framework */ = {isa = PBXFileReference; lastKnownFileType = wrapper.framework; name = MapKit.framework; path = System/Library/Frameworks/MapKit.framework; sourceTree = SDKROOT; };
		A937E3EE1D1CEE1F00F2EAF7 /* MapViewController.swift */ = {isa = PBXFileReference; fileEncoding = 4; lastKnownFileType = sourcecode.swift; path = MapViewController.swift; sourceTree = "<group>"; };
		A95B63CD1D1D67AE001AB3F5 /* AddRestaurantController.swift */ = {isa = PBXFileReference; fileEncoding = 4; lastKnownFileType = sourcecode.swift; path = AddRestaurantController.swift; sourceTree = "<group>"; };
		A9C625931D1BE32900CE7008 /* ReviewViewController.swift */ = {isa = PBXFileReference; fileEncoding = 4; lastKnownFileType = sourcecode.swift; path = ReviewViewController.swift; sourceTree = "<group>"; };
		F424267D1B85B2FD0019B8F0 /* Restaurant.swift */ = {isa = PBXFileReference; fileEncoding = 4; lastKnownFileType = sourcecode.swift; path = Restaurant.swift; sourceTree = "<group>"; };
		F45820B91B8AAC09000E50CC /* RestaurantDetailTableViewCell.swift */ = {isa = PBXFileReference; fileEncoding = 4; lastKnownFileType = sourcecode.swift; path = RestaurantDetailTableViewCell.swift; sourceTree = "<group>"; };
		F4AAE2B71B7DAC29001D8E75 /* FoodPin.app */ = {isa = PBXFileReference; explicitFileType = wrapper.application; includeInIndex = 0; path = FoodPin.app; sourceTree = BUILT_PRODUCTS_DIR; };
		F4AAE2BA1B7DAC29001D8E75 /* AppDelegate.swift */ = {isa = PBXFileReference; lastKnownFileType = sourcecode.swift; path = AppDelegate.swift; sourceTree = "<group>"; };
		F4AAE2BF1B7DAC29001D8E75 /* Base */ = {isa = PBXFileReference; lastKnownFileType = file.storyboard; name = Base; path = Base.lproj/Main.storyboard; sourceTree = "<group>"; };
		F4AAE2C41B7DAC29001D8E75 /* Base */ = {isa = PBXFileReference; lastKnownFileType = file.storyboard; name = Base; path = Base.lproj/LaunchScreen.storyboard; sourceTree = "<group>"; };
		F4AAE2C61B7DAC29001D8E75 /* Info.plist */ = {isa = PBXFileReference; lastKnownFileType = text.plist.xml; path = Info.plist; sourceTree = "<group>"; };
		F4AAE2CC1B7DB3A9001D8E75 /* RestaurantTableViewController.swift */ = {isa = PBXFileReference; fileEncoding = 4; lastKnownFileType = sourcecode.swift; path = RestaurantTableViewController.swift; sourceTree = "<group>"; };
		F4C566201B7EEB00008C8AEF /* RestaurantTableViewCell.swift */ = {isa = PBXFileReference; fileEncoding = 4; lastKnownFileType = sourcecode.swift; path = RestaurantTableViewCell.swift; sourceTree = "<group>"; };
		F4E27E801B84858F0015C354 /* RestaurantDetailViewController.swift */ = {isa = PBXFileReference; fileEncoding = 4; lastKnownFileType = sourcecode.swift; path = RestaurantDetailViewController.swift; sourceTree = "<group>"; };
/* End PBXFileReference section */

/* Begin PBXFrameworksBuildPhase section */
		F4AAE2B41B7DAC29001D8E75 /* Frameworks */ = {
			isa = PBXFrameworksBuildPhase;
			buildActionMask = 2147483647;
			files = (
				A937E3EA1D1CE72500F2EAF7 /* MapKit.framework in Frameworks */,
			);
			runOnlyForDeploymentPostprocessing = 0;
		};
/* End PBXFrameworksBuildPhase section */

/* Begin PBXGroup section */
		A937E3AD1D1C353800F2EAF7 /* Spring */ = {
			isa = PBXGroup;
			children = (
				A937E3AE1D1C353800F2EAF7 /* AsyncButton.swift */,
				A937E3AF1D1C353800F2EAF7 /* AsyncImageView.swift */,
				A937E3B01D1C353800F2EAF7 /* AutoTextView.swift */,
				A937E3B11D1C353800F2EAF7 /* BlurView.swift */,
				A937E3B21D1C353800F2EAF7 /* DesignableButton.swift */,
				A937E3B31D1C353800F2EAF7 /* DesignableImageView.swift */,
				A937E3B41D1C353800F2EAF7 /* DesignableLabel.swift */,
				A937E3B51D1C353800F2EAF7 /* DesignableTabBarController.swift */,
				A937E3B61D1C353800F2EAF7 /* DesignableTextField.swift */,
				A937E3B71D1C353800F2EAF7 /* DesignableTextView.swift */,
				A937E3B81D1C353800F2EAF7 /* DesignableView.swift */,
				A937E3B91D1C353800F2EAF7 /* ImageLoader.swift */,
				A937E3BA1D1C353800F2EAF7 /* Info.plist */,
				A937E3BB1D1C353800F2EAF7 /* KeyboardLayoutConstraint.swift */,
				A937E3BC1D1C353800F2EAF7 /* LoadingView.swift */,
				A937E3BD1D1C353800F2EAF7 /* LoadingView.xib */,
				A937E3BE1D1C353800F2EAF7 /* Misc.swift */,
				A937E3BF1D1C353800F2EAF7 /* SoundPlayer.swift */,
				A937E3C01D1C353800F2EAF7 /* Spring.h */,
				A937E3C11D1C353800F2EAF7 /* Spring.swift */,
				A937E3C21D1C353800F2EAF7 /* SpringAnimation.swift */,
				A937E3C31D1C353800F2EAF7 /* SpringButton.swift */,
				A937E3C41D1C353800F2EAF7 /* SpringImageView.swift */,
				A937E3C51D1C353800F2EAF7 /* SpringLabel.swift */,
				A937E3C61D1C353800F2EAF7 /* SpringTextField.swift */,
				A937E3C71D1C353800F2EAF7 /* SpringTextView.swift */,
				A937E3C81D1C353800F2EAF7 /* SpringView.swift */,
				A937E3C91D1C353800F2EAF7 /* TransitionManager.swift */,
				A937E3CA1D1C353800F2EAF7 /* TransitionZoom.swift */,
				A937E3CB1D1C353800F2EAF7 /* UnwindSegue.swift */,
			);
			path = Spring;
			sourceTree = "<group>";
		};
		A937E3EB1D1CEDE400F2EAF7 /* Controller */ = {
			isa = PBXGroup;
			children = (
				F4AAE2CC1B7DB3A9001D8E75 /* RestaurantTableViewController.swift */,
				F4E27E801B84858F0015C354 /* RestaurantDetailViewController.swift */,
				A9C625931D1BE32900CE7008 /* ReviewViewController.swift */,
				A937E3EE1D1CEE1F00F2EAF7 /* MapViewController.swift */,
				A95B63CD1D1D67AE001AB3F5 /* AddRestaurantController.swift */,
			);
			name = Controller;
			sourceTree = "<group>";
		};
		A937E3EC1D1CEDF000F2EAF7 /* model */ = {
			isa = PBXGroup;
			children = (
				F424267D1B85B2FD0019B8F0 /* Restaurant.swift */,
			);
			name = model;
			sourceTree = "<group>";
		};
		A937E3ED1D1CEE0300F2EAF7 /* TableViewCell */ = {
			isa = PBXGroup;
			children = (
				F4C566201B7EEB00008C8AEF /* RestaurantTableViewCell.swift */,
				F45820B91B8AAC09000E50CC /* RestaurantDetailTableViewCell.swift */,
			);
			name = TableViewCell;
			sourceTree = "<group>";
		};
		F4AAE2AE1B7DAC29001D8E75 = {
			isa = PBXGroup;
			children = (
				A937E3E91D1CE72500F2EAF7 /* MapKit.framework */,
				A937E3AD1D1C353800F2EAF7 /* Spring */,
				F4AAE2B91B7DAC29001D8E75 /* FoodPin */,
				F4AAE2B81B7DAC29001D8E75 /* Products */,
			);
			sourceTree = "<group>";
		};
		F4AAE2B81B7DAC29001D8E75 /* Products */ = {
			isa = PBXGroup;
			children = (
				F4AAE2B71B7DAC29001D8E75 /* FoodPin.app */,
			);
			name = Products;
			sourceTree = "<group>";
		};
		F4AAE2B91B7DAC29001D8E75 /* FoodPin */ = {
			isa = PBXGroup;
			children = (
				F4AAE2BA1B7DAC29001D8E75 /* AppDelegate.swift */,
				F4AAE2BE1B7DAC29001D8E75 /* Main.storyboard */,
				F4AAE2C31B7DAC29001D8E75 /* LaunchScreen.storyboard */,
				F4AAE2C61B7DAC29001D8E75 /* Info.plist */,
				A92865161D1BBE0C0033F1D6 /* Assets.xcassets */,
				A937E3EB1D1CEDE400F2EAF7 /* Controller */,
				A937E3ED1D1CEE0300F2EAF7 /* TableViewCell */,
				A937E3EC1D1CEDF000F2EAF7 /* model */,
			);
			path = FoodPin;
			sourceTree = "<group>";
		};
/* End PBXGroup section */

/* Begin PBXNativeTarget section */
		F4AAE2B61B7DAC29001D8E75 /* FoodPin */ = {
			isa = PBXNativeTarget;
			buildConfigurationList = F4AAE2C91B7DAC29001D8E75 /* Build configuration list for PBXNativeTarget "FoodPin" */;
			buildPhases = (
				F4AAE2B31B7DAC29001D8E75 /* Sources */,
				F4AAE2B41B7DAC29001D8E75 /* Frameworks */,
				F4AAE2B51B7DAC29001D8E75 /* Resources */,
			);
			buildRules = (
			);
			dependencies = (
			);
			name = FoodPin;
			productName = FoodPin;
			productReference = F4AAE2B71B7DAC29001D8E75 /* FoodPin.app */;
			productType = "com.apple.product-type.application";
		};
/* End PBXNativeTarget section */

/* Begin PBXProject section */
		F4AAE2AF1B7DAC29001D8E75 /* Project object */ = {
			isa = PBXProject;
			attributes = {
				LastUpgradeCheck = 0700;
				ORGANIZATIONNAME = AppCoda;
				TargetAttributes = {
					F4AAE2B61B7DAC29001D8E75 = {
						CreatedOnToolsVersion = 7.0;
						DevelopmentTeam = S85YN963RT;
						SystemCapabilities = {
							com.apple.Maps.iOS = {
								enabled = 1;
							};
						};
					};
				};
			};
			buildConfigurationList = F4AAE2B21B7DAC29001D8E75 /* Build configuration list for PBXProject "FoodPin" */;
			compatibilityVersion = "Xcode 3.2";
			developmentRegion = English;
			hasScannedForEncodings = 0;
			knownRegions = (
				en,
				Base,
			);
			mainGroup = F4AAE2AE1B7DAC29001D8E75;
			productRefGroup = F4AAE2B81B7DAC29001D8E75 /* Products */;
			projectDirPath = "";
			projectRoot = "";
			targets = (
				F4AAE2B61B7DAC29001D8E75 /* FoodPin */,
			);
		};
/* End PBXProject section */

/* Begin PBXResourcesBuildPhase section */
		F4AAE2B51B7DAC29001D8E75 /* Resources */ = {
			isa = PBXResourcesBuildPhase;
			buildActionMask = 2147483647;
			files = (
				A937E3D81D1C353800F2EAF7 /* Info.plist in Resources */,
				F4AAE2C51B7DAC29001D8E75 /* LaunchScreen.storyboard in Resources */,
				A92865171D1BBE0C0033F1D6 /* Assets.xcassets in Resources */,
				F4AAE2C01B7DAC29001D8E75 /* Main.storyboard in Resources */,
				A937E3DB1D1C353800F2EAF7 /* LoadingView.xib in Resources */,
			);
			runOnlyForDeploymentPostprocessing = 0;
		};
/* End PBXResourcesBuildPhase section */

/* Begin PBXSourcesBuildPhase section */
		F4AAE2B31B7DAC29001D8E75 /* Sources */ = {
			isa = PBXSourcesBuildPhase;
			buildActionMask = 2147483647;
			files = (
				A937E3D11D1C353800F2EAF7 /* DesignableImageView.swift in Sources */,
				A937E3D31D1C353800F2EAF7 /* DesignableTabBarController.swift in Sources */,
				A937E3DE1D1C353800F2EAF7 /* Spring.swift in Sources */,
				A937E3E71D1C353800F2EAF7 /* TransitionZoom.swift in Sources */,
				F424267E1B85B2FD0019B8F0 /* Restaurant.swift in Sources */,
				A937E3D51D1C353800F2EAF7 /* DesignableTextView.swift in Sources */,
				F4AAE2CD1B7DB3A9001D8E75 /* RestaurantTableViewController.swift in Sources */,
				A937E3DC1D1C353800F2EAF7 /* Misc.swift in Sources */,
				A937E3DA1D1C353800F2EAF7 /* LoadingView.swift in Sources */,
				A9C625941D1BE32900CE7008 /* ReviewViewController.swift in Sources */,
				F4C566211B7EEB00008C8AEF /* RestaurantTableViewCell.swift in Sources */,
				A937E3E51D1C353800F2EAF7 /* SpringView.swift in Sources */,
				A937E3CF1D1C353800F2EAF7 /* BlurView.swift in Sources */,
				A937E3EF1D1CEE1F00F2EAF7 /* MapViewController.swift in Sources */,
				A937E3D61D1C353800F2EAF7 /* DesignableView.swift in Sources */,
				A937E3E41D1C353800F2EAF7 /* SpringTextView.swift in Sources */,
				A937E3E31D1C353800F2EAF7 /* SpringTextField.swift in Sources */,
				A937E3DD1D1C353800F2EAF7 /* SoundPlayer.swift in Sources */,
				A937E3D71D1C353800F2EAF7 /* ImageLoader.swift in Sources */,
				A937E3CE1D1C353800F2EAF7 /* AutoTextView.swift in Sources */,
				F45820BA1B8AAC09000E50CC /* RestaurantDetailTableViewCell.swift in Sources */,
				A937E3E81D1C353800F2EAF7 /* UnwindSegue.swift in Sources */,
				A937E3CD1D1C353800F2EAF7 /* AsyncImageView.swift in Sources */,
				A937E3DF1D1C353800F2EAF7 /* SpringAnimation.swift in Sources */,
				A937E3D91D1C353800F2EAF7 /* KeyboardLayoutConstraint.swift in Sources */,
				F4E27E811B84858F0015C354 /* RestaurantDetailViewController.swift in Sources */,
				A937E3D41D1C353800F2EAF7 /* DesignableTextField.swift in Sources */,
				A937E3E61D1C353800F2EAF7 /* TransitionManager.swift in Sources */,
				A95B63CE1D1D67AE001AB3F5 /* AddRestaurantController.swift in Sources */,
				A937E3CC1D1C353800F2EAF7 /* AsyncButton.swift in Sources */,
				F4AAE2BB1B7DAC29001D8E75 /* AppDelegate.swift in Sources */,
				A937E3E21D1C353800F2EAF7 /* SpringLabel.swift in Sources */,
				A937E3E11D1C353800F2EAF7 /* SpringImageView.swift in Sources */,
				A937E3D21D1C353800F2EAF7 /* DesignableLabel.swift in Sources */,
				A937E3E01D1C353800F2EAF7 /* SpringButton.swift in Sources */,
				A937E3D01D1C353800F2EAF7 /* DesignableButton.swift in Sources */,
			);
			runOnlyForDeploymentPostprocessing = 0;
		};
/* End PBXSourcesBuildPhase section */

/* Begin PBXVariantGroup section */
		F4AAE2BE1B7DAC29001D8E75 /* Main.storyboard */ = {
			isa = PBXVariantGroup;
			children = (
				F4AAE2BF1B7DAC29001D8E75 /* Base */,
			);
			name = Main.storyboard;
			sourceTree = "<group>";
		};
		F4AAE2C31B7DAC29001D8E75 /* LaunchScreen.storyboard */ = {
			isa = PBXVariantGroup;
			children = (
				F4AAE2C41B7DAC29001D8E75 /* Base */,
			);
			name = LaunchScreen.storyboard;
			sourceTree = "<group>";
		};
/* End PBXVariantGroup section */

/* Begin XCBuildConfiguration section */
		F4AAE2C71B7DAC29001D8E75 /* Debug */ = {
			isa = XCBuildConfiguration;
			buildSettings = {
				ALWAYS_SEARCH_USER_PATHS = NO;
				CLANG_CXX_LANGUAGE_STANDARD = "gnu++0x";
				CLANG_CXX_LIBRARY = "libc++";
				CLANG_ENABLE_MODULES = YES;
				CLANG_ENABLE_OBJC_ARC = YES;
				CLANG_WARN_BOOL_CONVERSION = YES;
				CLANG_WARN_CONSTANT_CONVERSION = YES;
				CLANG_WARN_DIRECT_OBJC_ISA_USAGE = YES_ERROR;
				CLANG_WARN_EMPTY_BODY = YES;
				CLANG_WARN_ENUM_CONVERSION = YES;
				CLANG_WARN_INT_CONVERSION = YES;
				CLANG_WARN_OBJC_ROOT_CLASS = YES_ERROR;
				CLANG_WARN_UNREACHABLE_CODE = YES;
				CLANG_WARN__DUPLICATE_METHOD_MATCH = YES;
				"CODE_SIGN_IDENTITY[sdk=iphoneos*]" = "iPhone Developer";
				COPY_PHASE_STRIP = NO;
				DEBUG_INFORMATION_FORMAT = dwarf;
				ENABLE_STRICT_OBJC_MSGSEND = YES;
				ENABLE_TESTABILITY = YES;
				GCC_C_LANGUAGE_STANDARD = gnu99;
				GCC_DYNAMIC_NO_PIC = NO;
				GCC_NO_COMMON_BLOCKS = YES;
				GCC_OPTIMIZATION_LEVEL = 0;
				GCC_PREPROCESSOR_DEFINITIONS = (
					"DEBUG=1",
					"$(inherited)",
				);
				GCC_WARN_64_TO_32_BIT_CONVERSION = YES;
				GCC_WARN_ABOUT_RETURN_TYPE = YES_ERROR;
				GCC_WARN_UNDECLARED_SELECTOR = YES;
				GCC_WARN_UNINITIALIZED_AUTOS = YES_AGGRESSIVE;
				GCC_WARN_UNUSED_FUNCTION = YES;
				GCC_WARN_UNUSED_VARIABLE = YES;
				IPHONEOS_DEPLOYMENT_TARGET = 9.0;
				MTL_ENABLE_DEBUG_INFO = YES;
				ONLY_ACTIVE_ARCH = YES;
				SDKROOT = iphoneos;
				SWIFT_OPTIMIZATION_LEVEL = "-Onone";
			};
			name = Debug;
		};
		F4AAE2C81B7DAC29001D8E75 /* Release */ = {
			isa = XCBuildConfiguration;
			buildSettings = {
				ALWAYS_SEARCH_USER_PATHS = NO;
				CLANG_CXX_LANGUAGE_STANDARD = "gnu++0x";
				CLANG_CXX_LIBRARY = "libc++";
				CLANG_ENABLE_MODULES = YES;
				CLANG_ENABLE_OBJC_ARC = YES;
				CLANG_WARN_BOOL_CONVERSION = YES;
				CLANG_WARN_CONSTANT_CONVERSION = YES;
				CLANG_WARN_DIRECT_OBJC_ISA_USAGE = YES_ERROR;
				CLANG_WARN_EMPTY_BODY = YES;
				CLANG_WARN_ENUM_CONVERSION = YES;
				CLANG_WARN_INT_CONVERSION = YES;
				CLANG_WARN_OBJC_ROOT_CLASS = YES_ERROR;
				CLANG_WARN_UNREACHABLE_CODE = YES;
				CLANG_WARN__DUPLICATE_METHOD_MATCH = YES;
				"CODE_SIGN_IDENTITY[sdk=iphoneos*]" = "iPhone Developer";
				COPY_PHASE_STRIP = NO;
				DEBUG_INFORMATION_FORMAT = "dwarf-with-dsym";
				ENABLE_NS_ASSERTIONS = NO;
				ENABLE_STRICT_OBJC_MSGSEND = YES;
				GCC_C_LANGUAGE_STANDARD = gnu99;
				GCC_NO_COMMON_BLOCKS = YES;
				GCC_WARN_64_TO_32_BIT_CONVERSION = YES;
				GCC_WARN_ABOUT_RETURN_TYPE = YES_ERROR;
				GCC_WARN_UNDECLARED_SELECTOR = YES;
				GCC_WARN_UNINITIALIZED_AUTOS = YES_AGGRESSIVE;
				GCC_WARN_UNUSED_FUNCTION = YES;
				GCC_WARN_UNUSED_VARIABLE = YES;
				IPHONEOS_DEPLOYMENT_TARGET = 9.0;
				MTL_ENABLE_DEBUG_INFO = NO;
				SDKROOT = iphoneos;
				VALIDATE_PRODUCT = YES;
			};
			name = Release;
		};
		F4AAE2CA1B7DAC29001D8E75 /* Debug */ = {
			isa = XCBuildConfiguration;
			buildSettings = {
				ASSETCATALOG_COMPILER_APPICON_NAME = AppIcon;
				CODE_SIGN_IDENTITY = "iPhone Developer";
				"CODE_SIGN_IDENTITY[sdk=iphoneos*]" = "iPhone Developer";
				INFOPLIST_FILE = FoodPin/Info.plist;
				LD_RUNPATH_SEARCH_PATHS = "$(inherited) @executable_path/Frameworks";
				PRODUCT_BUNDLE_IDENTIFIER = com.scauos;
				PRODUCT_NAME = "$(TARGET_NAME)";
				PROVISIONING_PROFILE = "";
			};
			name = Debug;
		};
		F4AAE2CB1B7DAC29001D8E75 /* Release */ = {
			isa = XCBuildConfiguration;
			buildSettings = {
				ASSETCATALOG_COMPILER_APPICON_NAME = AppIcon;
				CODE_SIGN_IDENTITY = "iPhone Developer";
				"CODE_SIGN_IDENTITY[sdk=iphoneos*]" = "iPhone Developer";
				INFOPLIST_FILE = FoodPin/Info.plist;
				LD_RUNPATH_SEARCH_PATHS = "$(inherited) @executable_path/Frameworks";
				PRODUCT_BUNDLE_IDENTIFIER = com.scauos;
				PRODUCT_NAME = "$(TARGET_NAME)";
				PROVISIONING_PROFILE = "";
			};
			name = Release;
		};
/* End XCBuildConfiguration section */

/* Begin XCConfigurationList section */
		F4AAE2B21B7DAC29001D8E75 /* Build configuration list for PBXProject "FoodPin" */ = {
			isa = XCConfigurationList;
			buildConfigurations = (
				F4AAE2C71B7DAC29001D8E75 /* Debug */,
				F4AAE2C81B7DAC29001D8E75 /* Release */,
			);
			defaultConfigurationIsVisible = 0;
			defaultConfigurationName = Release;
		};
		F4AAE2C91B7DAC29001D8E75 /* Build configuration list for PBXNativeTarget "FoodPin" */ = {
			isa = XCConfigurationList;
			buildConfigurations = (
				F4AAE2CA1B7DAC29001D8E75 /* Debug */,
				F4AAE2CB1B7DAC29001D8E75 /* Release */,
			);
			defaultConfigurationIsVisible = 0;
			defaultConfigurationName = Release;
		};
/* End XCConfigurationList section */
	};
	rootObject = F4AAE2AF1B7DAC29001D8E75 /* Project object */;
}
